
Microsoft Visual Studio Solution File, Format Version 12.00
# Visual Studio Version 16
VisualStudioVersion = 16.0.31129.286
MinimumVisualStudioVersion = 10.0.40219.1
Project("{FAE04EC0-301F-11D3-BF4B-00C04F79EFBC}") = "EmployeePayrollUsingThreading", "EmployeePayrollUsingThreading.csproj", "{E8B81332-9DCB-4FFC-9D6C-011DC639FCF3}"
EndProject
Project("{FAE04EC0-301F-11D3-BF4B-00C04F79EFBC}") = "EmployeePayrollTest", "..\EmployeePayrollTest\EmployeePayrollTest.csproj", "{5321BFFF-283C-4F21-B991-B574EF53826D}"
EndProject
Global
	GlobalSection(SolutionConfigurationPlatforms) = preSolution
		Debug|Any CPU = Debug|Any CPU
		Release|Any CPU = Release|Any CPU
	EndGlobalSection
	GlobalSection(ProjectConfigurationPlatforms) = postSolution
		{E8B81332-9DCB-4FFC-9D6C-011DC639FCF3}.Debug|Any CPU.ActiveCfg = Debug|Any CPU
		{E8B81332-9DCB-4FFC-9D6C-011DC639FCF3}.Debug|Any CPU.Build.0 = Debug|Any CPU
		{E8B81332-9DCB-4FFC-9D6C-011DC639FCF3}.Release|Any CPU.ActiveCfg = Release|Any CPU
		{E8B81332-9DCB-4FFC-9D6C-011DC639FCF3}.Release|Any CPU.Build.0 = Release|Any CPU
		{5321BFFF-283C-4F21-B991-B574EF53826D}.Debug|Any CPU.ActiveCfg = Debug|Any CPU
		{5321BFFF-283C-4F21-B991-B574EF53826D}.Debug|Any CPU.Build.0 = Debug|Any CPU
		{5321BFFF-283C-4F21-B991-B574EF53826D}.Release|Any CPU.ActiveCfg = Release|Any CPU
		{5321BFFF-283C-4F21-B991-B574EF53826D}.Release|Any CPU.Build.0 = Release|Any CPU
	EndGlobalSection
	GlobalSection(SolutionProperties) = preSolution
		HideSolutionNode = FALSE
	EndGlobalSection
	GlobalSection(ExtensibilityGlobals) = postSolution
		SolutionGuid = {EBA4E75E-81FB-4D8C-B7BF-B851054507BC}
	EndGlobalSection
EndGlobal
